# THIS IS AN AUTOGENERATED FILE. DO NOT EDIT THIS FILE DIRECTLY.
# yarn lockfile v1


"@babel/runtime@^7.1.2", "@babel/runtime@^7.2.0", "@babel/runtime@^7.3.1":
  version "7.3.4"
  resolved "https://registry.yarnpkg.com/@babel/runtime/-/runtime-7.3.4.tgz#73d12ba819e365fcf7fd152aed56d6df97d21c83"
  dependencies:
    regenerator-runtime "^0.12.0"

"@emotion/hash@^0.7.1":
  version "0.7.1"
  resolved "https://registry.yarnpkg.com/@emotion/hash/-/hash-0.7.1.tgz#9833722341379fb7d67f06a4b00ab3c37913da53"

"@material-ui/styles@^4.0.0-alpha.3":
  version "4.0.0-alpha.3"
  resolved "https://registry.yarnpkg.com/@material-ui/styles/-/styles-4.0.0-alpha.3.tgz#e8dc771af5ce409995ca3bf82e9d6aecfb8b867e"
  dependencies:
    "@babel/runtime" "^7.2.0"
    "@emotion/hash" "^0.7.1"
    "@material-ui/utils" "^4.0.0-alpha.3"
    clsx "^1.0.2"
    deepmerge "^3.0.0"
    hoist-non-react-statics "^3.2.1"
    jss "^10.0.0-alpha.12"
    jss-plugin-camel-case "^10.0.0-alpha.12"
    jss-plugin-default-unit "^10.0.0-alpha.12"
    jss-plugin-global "^10.0.0-alpha.12"
    jss-plugin-nested "^10.0.0-alpha.12"
    jss-plugin-props-sort "^10.0.0-alpha.12"
    jss-plugin-rule-value-function "^10.0.0-alpha.12"
    jss-plugin-vendor-prefixer "^10.0.0-alpha.12"
    prop-types "^15.7.2"
    warning "^4.0.1"

"@material-ui/utils@^4.0.0-alpha.3":
  version "4.0.0-alpha.3"
  resolved "https://registry.yarnpkg.com/@material-ui/utils/-/utils-4.0.0-alpha.3.tgz#3084e0260b384ba81145fbcd2e64cd1b5b7923ab"
  dependencies:
    "@babel/runtime" "^7.2.0"
    prop-types "^15.7.2"
    react-is "^16.8.0"

"@types/prop-types@*":
  version "15.7.0"
  resolved "https://registry.yarnpkg.com/@types/prop-types/-/prop-types-15.7.0.tgz#4c48fed958d6dcf9487195a0ef6456d5f6e0163a"

"@types/react-transition-group@^2.0.16":
  version "2.0.16"
  resolved "https://registry.yarnpkg.com/@types/react-transition-group/-/react-transition-group-2.0.16.tgz#2dcb9e396ab385ee19c4af1c9caa469a14cd042f"
  dependencies:
    "@types/react" "*"

"@types/react@*":
  version "16.8.8"
  resolved "https://registry.yarnpkg.com/@types/react/-/react-16.8.8.tgz#4b60a469fd2469f7aa6eaa0f8cfbc51f6d76e662"
  dependencies:
    "@types/prop-types" "*"
    csstype "^2.2.0"

clsx@^1.0.2:
  version "1.0.3"
  resolved "https://registry.yarnpkg.com/clsx/-/clsx-1.0.3.tgz#e164004f4064b372888f20fdafbd436fb960bac9"

css-vendor@^2.0.0:
  version "2.0.0"
  resolved "https://registry.yarnpkg.com/css-vendor/-/css-vendor-2.0.0.tgz#c7f4a49efbdd660c04e239af4626e2684d1ba60e"
  dependencies:
    "@babel/runtime" "^7.3.1"
    is-in-browser "^1.0.2"

csstype@^2.2.0, csstype@^2.5.2:
  version "2.6.3"
  resolved "https://registry.yarnpkg.com/csstype/-/csstype-2.6.3.tgz#b701e5968245bf9b08d54ac83d00b624e622a9fa"

debounce@^1.1.0:
  version "1.2.0"
  resolved "https://registry.yarnpkg.com/debounce/-/debounce-1.2.0.tgz#44a540abc0ea9943018dc0eaa95cce87f65cd131"

deepmerge@^3.0.0:
  version "3.2.0"
  resolved "https://registry.yarnpkg.com/deepmerge/-/deepmerge-3.2.0.tgz#58ef463a57c08d376547f8869fdc5bcee957f44e"

dom-helpers@^3.2.1, dom-helpers@^3.3.1:
  version "3.4.0"
  resolved "https://registry.yarnpkg.com/dom-helpers/-/dom-helpers-3.4.0.tgz#e9b369700f959f62ecde5a6babde4bccd9169af8"
  dependencies:
    "@babel/runtime" "^7.1.2"

hoist-non-react-statics@^3.2.1:
  version "3.3.0"
  resolved "https://registry.yarnpkg.com/hoist-non-react-statics/-/hoist-non-react-statics-3.3.0.tgz#b09178f0122184fb95acf525daaecb4d8f45958b"
  dependencies:
    react-is "^16.7.0"

hyphenate-style-name@^1.0.3:
  version "1.0.3"
  resolved "https://registry.yarnpkg.com/hyphenate-style-name/-/hyphenate-style-name-1.0.3.tgz#097bb7fa0b8f1a9cf0bd5c734cf95899981a9b48"

is-in-browser@^1.0.2, is-in-browser@^1.1.3:
  version "1.1.3"
  resolved "https://registry.yarnpkg.com/is-in-browser/-/is-in-browser-1.1.3.tgz#56ff4db683a078c6082eb95dad7dc62e1d04f835"

is-plain-object@^2.0.4:
  version "2.0.4"
  resolved "https://registry.yarnpkg.com/is-plain-object/-/is-plain-object-2.0.4.tgz#2c163b3fafb1b606d9d17928f05c2a1c38e07677"
  dependencies:
    isobject "^3.0.1"

isobject@^3.0.1:
  version "3.0.1"
  resolved "https://registry.yarnpkg.com/isobject/-/isobject-3.0.1.tgz#4e431e92b11a9731636aa1f9c8d1ccbcfdab78df"

"js-tokens@^3.0.0 || ^4.0.0":
  version "4.0.0"
  resolved "https://registry.yarnpkg.com/js-tokens/-/js-tokens-4.0.0.tgz#19203fb59991df98e3a287050d4647cdeaf32499"

jss-plugin-camel-case@^10.0.0-alpha.12:
  version "10.0.0-alpha.13"
  resolved "https://registry.yarnpkg.com/jss-plugin-camel-case/-/jss-plugin-camel-case-10.0.0-alpha.13.tgz#955969daafcabb2ba117f950a514ca5a0f9fb2e9"
  dependencies:
    "@babel/runtime" "^7.3.1"
    hyphenate-style-name "^1.0.3"
    jss "10.0.0-alpha.13"

jss-plugin-default-unit@^10.0.0-alpha.12:
  version "10.0.0-alpha.13"
  resolved "https://registry.yarnpkg.com/jss-plugin-default-unit/-/jss-plugin-default-unit-10.0.0-alpha.13.tgz#aedf0509c849e98b92fc2ec61d04d5052311f2dc"
  dependencies:
    "@babel/runtime" "^7.3.1"
    jss "10.0.0-alpha.13"

jss-plugin-global@^10.0.0-alpha.12:
  version "10.0.0-alpha.13"
  resolved "https://registry.yarnpkg.com/jss-plugin-global/-/jss-plugin-global-10.0.0-alpha.13.tgz#3a20b189e5abf5ebd1957c7421e0cf6db0a11841"
  dependencies:
    "@babel/runtime" "^7.3.1"
    jss "10.0.0-alpha.13"

jss-plugin-nested@^10.0.0-alpha.12:
  version "10.0.0-alpha.13"
  resolved "https://registry.yarnpkg.com/jss-plugin-nested/-/jss-plugin-nested-10.0.0-alpha.13.tgz#53afa4240ac129073feee61838442aec3a3f9a4d"
  dependencies:
    "@babel/runtime" "^7.3.1"
    jss "10.0.0-alpha.13"
    tiny-warning "^1.0.2"

jss-plugin-props-sort@^10.0.0-alpha.12:
  version "10.0.0-alpha.13"
  resolved "https://registry.yarnpkg.com/jss-plugin-props-sort/-/jss-plugin-props-sort-10.0.0-alpha.13.tgz#1d1268647d4bda4be30ff8640f74abb897c5674a"
  dependencies:
    "@babel/runtime" "^7.3.1"
    jss "10.0.0-alpha.13"

jss-plugin-rule-value-function@^10.0.0-alpha.12:
  version "10.0.0-alpha.13"
  resolved "https://registry.yarnpkg.com/jss-plugin-rule-value-function/-/jss-plugin-rule-value-function-10.0.0-alpha.13.tgz#6a83c12c31994ad79b92475f14d63c08d9cb9208"
  dependencies:
    "@babel/runtime" "^7.3.1"
    jss "10.0.0-alpha.13"

jss-plugin-vendor-prefixer@^10.0.0-alpha.12:
  version "10.0.0-alpha.13"
  resolved "https://registry.yarnpkg.com/jss-plugin-vendor-prefixer/-/jss-plugin-vendor-prefixer-10.0.0-alpha.13.tgz#366d746ab640ecd2aed21e657ac771a79e434f5c"
  dependencies:
    "@babel/runtime" "^7.3.1"
    css-vendor "^2.0.0"
    jss "10.0.0-alpha.13"

jss@10.0.0-alpha.13, jss@^10.0.0-alpha.12:
  version "10.0.0-alpha.13"
  resolved "https://registry.yarnpkg.com/jss/-/jss-10.0.0-alpha.13.tgz#463f8dcec5ed16e66afc2264684702addcd4b542"
  dependencies:
    "@babel/runtime" "^7.3.1"
    is-in-browser "^1.1.3"
    tiny-warning "^1.0.2"

loose-envify@^1.0.0, loose-envify@^1.4.0:
  version "1.4.0"
  resolved "https://registry.yarnpkg.com/loose-envify/-/loose-envify-1.4.0.tgz#71ee51fa7be4caec1a63839f7e682d8132d30caf"
  dependencies:
    js-tokens "^3.0.0 || ^4.0.0"

normalize-scroll-left@^0.1.2:
  version "0.1.2"
  resolved "https://registry.yarnpkg.com/normalize-scroll-left/-/normalize-scroll-left-0.1.2.tgz#6b79691ba79eb5fb107fa5edfbdc06b55caee2aa"

object-assign@^4.1.1:
  version "4.1.1"
  resolved "https://registry.yarnpkg.com/object-assign/-/object-assign-4.1.1.tgz#2109adc7965887cfc05cbbd442cac8bfbb360863"

popper.js@^1.14.1:
  version "1.14.7"
  resolved "https://registry.yarnpkg.com/popper.js/-/popper.js-1.14.7.tgz#e31ec06cfac6a97a53280c3e55e4e0c860e7738e"

prop-types@^15.6.0, prop-types@^15.6.2, prop-types@^15.7.2:
  version "15.7.2"
  resolved "https://registry.yarnpkg.com/prop-types/-/prop-types-15.7.2.tgz#52c41e75b8c87e72b9d9360e0206b99dcbffa6c5"
  dependencies:
    loose-envify "^1.4.0"
    object-assign "^4.1.1"
    react-is "^16.8.1"

react-event-listener@^0.6.6:
  version "0.6.6"
  resolved "https://registry.yarnpkg.com/react-event-listener/-/react-event-listener-0.6.6.tgz#758f7b991cad9086dd39fd29fad72127e1d8962a"
  dependencies:
    "@babel/runtime" "^7.2.0"
    prop-types "^15.6.0"
    warning "^4.0.1"

react-is@^16.7.0, react-is@^16.8.0, react-is@^16.8.1, react-is@^16.8.4:
  version "16.8.4"
  resolved "https://registry.yarnpkg.com/react-is/-/react-is-16.8.4.tgz#90f336a68c3a29a096a3d648ab80e87ec61482a2"

react-lifecycles-compat@^3.0.4:
  version "3.0.4"
  resolved "https://registry.yarnpkg.com/react-lifecycles-compat/-/react-lifecycles-compat-3.0.4.tgz#4f1a273afdfc8f3488a8c516bfda78f872352362"

react-transition-group@^2.5.3:
  version "2.6.0"
  resolved "https://registry.yarnpkg.com/react-transition-group/-/react-transition-group-2.6.0.tgz#3c41cbdd9c044c5f8604d4e8d319e860919c9fae"
  dependencies:
    dom-helpers "^3.3.1"
    loose-envify "^1.4.0"
    prop-types "^15.6.2"
    react-lifecycles-compat "^3.0.4"

regenerator-runtime@^0.12.0:
  version "0.12.1"
  resolved "https://registry.yarnpkg.com/regenerator-runtime/-/regenerator-runtime-0.12.1.tgz#fa1a71544764c036f8c49b13a08b2594c9f8a0de"

tiny-warning@^1.0.2:
  version "1.0.2"
  resolved "https://registry.yarnpkg.com/tiny-warning/-/tiny-warning-1.0.2.tgz#1dfae771ee1a04396bdfde27a3adcebc6b648b28"

warning@^4.0.1:
  version "4.0.3"
  resolved "https://registry.yarnpkg.com/warning/-/warning-4.0.3.tgz#16e9e077eb8a86d6af7d64aa1e05fd85b4678ca3"
  dependencies:
    loose-envify "^1.0.0"
